
Microsoft Visual Studio Solution File, Format Version 12.00
# Visual Studio Version 17
VisualStudioVersion = 17.2.32516.85
MinimumVisualStudioVersion = 10.0.40219.1
Project("{9A19103F-16F7-4668-BE54-9A1E7A4F7556}") = "handling-exceptions", "handling-exceptions.csproj", "{8D14257D-E944-4B65-853B-613BB007ACF7}"
EndProject
Global
	GlobalSection(SolutionConfigurationPlatforms) = preSolution
		Debug|Any CPU = Debug|Any CPU
		Release|Any CPU = Release|Any CPU
	EndGlobalSection
	GlobalSection(ProjectConfigurationPlatforms) = postSolution
		{8D14257D-E944-4B65-853B-613BB007ACF7}.Debug|Any CPU.ActiveCfg = Debug|Any CPU
		{8D14257D-E944-4B65-853B-613BB007ACF7}.Debug|Any CPU.Build.0 = Debug|Any CPU
		{8D14257D-E944-4B65-853B-613BB007ACF7}.Release|Any CPU.ActiveCfg = Release|Any CPU
		{8D14257D-E944-4B65-853B-613BB007ACF7}.Release|Any CPU.Build.0 = Release|Any CPU
	EndGlobalSection
	GlobalSection(SolutionProperties) = preSolution
		HideSolutionNode = FALSE
	EndGlobalSection
	GlobalSection(ExtensibilityGlobals) = postSolution
		SolutionGuid = {FD479ED3-621E-4C62-BE81-846F6EB82438}
	EndGlobalSection
EndGlobal
